
Microsoft Visual Studio Solution File, Format Version 12.00
# Visual Studio Version 17
VisualStudioVersion = 17.0.32014.148
MinimumVisualStudioVersion = 10.0.40219.1
Project("{9A19103F-16F7-4668-BE54-9A1E7A4F7556}") = "BusyAPI", "BusyAPI\BusyAPI.csproj", "{8A569DC1-022C-4CB7-8632-30B285A7CD55}"
EndProject
Project("{2150E333-8FDC-42A3-9474-1A3956D46DE8}") = "Docs", "Docs", "{9FA8A54A-EEE2-482E-9DF3-4EB3789A5207}"
	ProjectSection(SolutionItems) = preProject
		migration-script.txt = migration-script.txt
	EndProjectSection
EndProject
Project("{9A19103F-16F7-4668-BE54-9A1E7A4F7556}") = "FactoryPattern", "FactoryPattern\FactoryPattern.csproj", "{AA3F5754-C38B-44EA-A363-5EA30FD9E71D}"
EndProject
Project("{9A19103F-16F7-4668-BE54-9A1E7A4F7556}") = "LinkedinAPI", "LinkedinAPI\LinkedinAPI.csproj", "{A3516CA7-724A-4983-9E49-9F1C709EF0CD}"
EndProject
Global
	GlobalSection(SolutionConfigurationPlatforms) = preSolution
		Debug|Any CPU = Debug|Any CPU
		Release|Any CPU = Release|Any CPU
	EndGlobalSection
	GlobalSection(ProjectConfigurationPlatforms) = postSolution
		{8A569DC1-022C-4CB7-8632-30B285A7CD55}.Debug|Any CPU.ActiveCfg = Debug|Any CPU
		{8A569DC1-022C-4CB7-8632-30B285A7CD55}.Debug|Any CPU.Build.0 = Debug|Any CPU
		{8A569DC1-022C-4CB7-8632-30B285A7CD55}.Release|Any CPU.ActiveCfg = Release|Any CPU
		{8A569DC1-022C-4CB7-8632-30B285A7CD55}.Release|Any CPU.Build.0 = Release|Any CPU
		{AA3F5754-C38B-44EA-A363-5EA30FD9E71D}.Debug|Any CPU.ActiveCfg = Debug|Any CPU
		{AA3F5754-C38B-44EA-A363-5EA30FD9E71D}.Debug|Any CPU.Build.0 = Debug|Any CPU
		{AA3F5754-C38B-44EA-A363-5EA30FD9E71D}.Release|Any CPU.ActiveCfg = Release|Any CPU
		{AA3F5754-C38B-44EA-A363-5EA30FD9E71D}.Release|Any CPU.Build.0 = Release|Any CPU
		{A3516CA7-724A-4983-9E49-9F1C709EF0CD}.Debug|Any CPU.ActiveCfg = Debug|Any CPU
		{A3516CA7-724A-4983-9E49-9F1C709EF0CD}.Debug|Any CPU.Build.0 = Debug|Any CPU
		{A3516CA7-724A-4983-9E49-9F1C709EF0CD}.Release|Any CPU.ActiveCfg = Release|Any CPU
		{A3516CA7-724A-4983-9E49-9F1C709EF0CD}.Release|Any CPU.Build.0 = Release|Any CPU
	EndGlobalSection
	GlobalSection(SolutionProperties) = preSolution
		HideSolutionNode = FALSE
	EndGlobalSection
	GlobalSection(ExtensibilityGlobals) = postSolution
		SolutionGuid = {138897F1-AD25-4294-8F5B-E8B161E30D07}
	EndGlobalSection
EndGlobal
